
Microsoft Visual Studio Solution File, Format Version 12.00
# Visual Studio 15
VisualStudioVersion = 15.0.27130.2010
MinimumVisualStudioVersion = 10.0.40219.1
Project("{F2A71F9B-5D33-465A-A702-920D77279786}") = "XlComp", "XlComp.fsproj", "{E131455B-7715-487D-A63A-7AC401766688}"
EndProject
Global
	GlobalSection(SolutionConfigurationPlatforms) = preSolution
		Debug|Any CPU = Debug|Any CPU
		Release|Any CPU = Release|Any CPU
	EndGlobalSection
	GlobalSection(ProjectConfigurationPlatforms) = postSolution
		{E131455B-7715-487D-A63A-7AC401766688}.Debug|Any CPU.ActiveCfg = Debug|Any CPU
		{E131455B-7715-487D-A63A-7AC401766688}.Debug|Any CPU.Build.0 = Debug|Any CPU
		{E131455B-7715-487D-A63A-7AC401766688}.Release|Any CPU.ActiveCfg = Release|Any CPU
		{E131455B-7715-487D-A63A-7AC401766688}.Release|Any CPU.Build.0 = Release|Any CPU
	EndGlobalSection
	GlobalSection(SolutionProperties) = preSolution
		HideSolutionNode = FALSE
	EndGlobalSection
	GlobalSection(ExtensibilityGlobals) = postSolution
		SolutionGuid = {F5A737B6-DF98-4F9A-8260-371D0D4EAAC5}
	EndGlobalSection
EndGlobal
